PODS:
  - Nimble (7.3.1)
  - RxBlocking (4.3.1):
    - RxSwift (~> 4.0)
  - RxCocoa (4.3.1):
    - RxSwift (~> 4.0)
  - RxNimble (4.2.0):
    - Nimble (~> 7.0)
    - RxBlocking (~> 4.0)
    - RxSwift (~> 4.2)
  - RxSwift (4.3.1)

DEPENDENCIES:
  - RxCocoa (~> 4.3.1)
  - RxNimble
  - RxSwift (~> 4.3.1)

SPEC REPOS:
  https://github.com/cocoapods/specs.git:
    - Nimble
    - RxBlocking
    - RxCocoa
    - RxNimble
    - RxSwift

SPEC CHECKSUMS:
  Nimble: 04f732da099ea4d153122aec8c2a88fd0c7219ae
  RxBlocking: 64c051285261ca2339481e91b5f70eb06b03660a
  RxCocoa: 78763c7b07d02455598d9fc3c1ad091a28b73635
  RxNimble: 141422b841d7626811979fb3860698eff2ce4b51
  RxSwift: fe0fd770a43acdb7d0a53da411c9b892e69bb6e4

PODFILE CHECKSUM: 85ab8c8b551ff39b70a152f95fa9e34bd09983dc

COCOAPODS: 1.5.3
